// !$*UTF8*$!
{
	archiveVersion = 1;
	classes = {
	};
	objectVersion = 50;
	objects = {

/* Begin PBXBuildFile section */
		991EE66923D3D42200E21DE2 /* AppDelegate.m in Sources */ = {isa = PBXBuildFile; fileRef = 991EE66823D3D42200E21DE2 /* AppDelegate.m */; };
		991EE66C23D3D42200E21DE2 /* SceneDelegate.m in Sources */ = {isa = PBXBuildFile; fileRef = 991EE66B23D3D42200E21DE2 /* SceneDelegate.m */; };
		991EE67223D3D42200E21DE2 /* Main.storyboard in Resources */ = {isa = PBXBuildFile; fileRef = 991EE67023D3D42200E21DE2 /* Main.storyboard */; };
		991EE67423D3D42600E21DE2 /* Assets.xcassets in Resources */ = {isa = PBXBuildFile; fileRef = 991EE67323D3D42600E21DE2 /* Assets.xcassets */; };
		991EE67723D3D42600E21DE2 /* LaunchScreen.storyboard in Resources */ = {isa = PBXBuildFile; fileRef = 991EE67523D3D42600E21DE2 /* LaunchScreen.storyboard */; };
		991EE67A23D3D42600E21DE2 /* main.m in Sources */ = {isa = PBXBuildFile; fileRef = 991EE67923D3D42600E21DE2 /* main.m */; };
		991EE68423D3D49F00E21DE2 /* JBPlanetsCollectionViewController.m in Sources */ = {isa = PBXBuildFile; fileRef = 991EE68323D3D49F00E21DE2 /* JBPlanetsCollectionViewController.m */; };
		991EE68823D3D4B600E21DE2 /* JBPlanetCollectionViewCell.m in Sources */ = {isa = PBXBuildFile; fileRef = 991EE68723D3D4B600E21DE2 /* JBPlanetCollectionViewCell.m */; };
		991EE68B23D3D78500E21DE2 /* JBSettingsViewController.m in Sources */ = {isa = PBXBuildFile; fileRef = 991EE68A23D3D78500E21DE2 /* JBSettingsViewController.m */; };
/* End PBXBuildFile section */

/* Begin PBXFileReference section */
		991EE66423D3D42200E21DE2 /* Planets-Obj-c.app */ = {isa = PBXFileReference; explicitFileType = wrapper.application; includeInIndex = 0; path = "Planets-Obj-c.app"; sourceTree = BUILT_PRODUCTS_DIR; };
		991EE66723D3D42200E21DE2 /* AppDelegate.h */ = {isa = PBXFileReference; lastKnownFileType = sourcecode.c.h; path = AppDelegate.h; sourceTree = "<group>"; };
		991EE66823D3D42200E21DE2 /* AppDelegate.m */ = {isa = PBXFileReference; lastKnownFileType = sourcecode.c.objc; path = AppDelegate.m; sourceTree = "<group>"; };
		991EE66A23D3D42200E21DE2 /* SceneDelegate.h */ = {isa = PBXFileReference; lastKnownFileType = sourcecode.c.h; path = SceneDelegate.h; sourceTree = "<group>"; };
		991EE66B23D3D42200E21DE2 /* SceneDelegate.m */ = {isa = PBXFileReference; lastKnownFileType = sourcecode.c.objc; path = SceneDelegate.m; sourceTree = "<group>"; };
		991EE67123D3D42200E21DE2 /* Base */ = {isa = PBXFileReference; lastKnownFileType = file.storyboard; name = Base; path = Base.lproj/Main.storyboard; sourceTree = "<group>"; };
		991EE67323D3D42600E21DE2 /* Assets.xcassets */ = {isa = PBXFileReference; lastKnownFileType = folder.assetcatalog; path = Assets.xcassets; sourceTree = "<group>"; };
		991EE67623D3D42600E21DE2 /* Base */ = {isa = PBXFileReference; lastKnownFileType = file.storyboard; name = Base; path = Base.lproj/LaunchScreen.storyboard; sourceTree = "<group>"; };
		991EE67823D3D42600E21DE2 /* Info.plist */ = {isa = PBXFileReference; lastKnownFileType = text.plist.xml; path = Info.plist; sourceTree = "<group>"; };
		991EE67923D3D42600E21DE2 /* main.m */ = {isa = PBXFileReference; lastKnownFileType = sourcecode.c.objc; path = main.m; sourceTree = "<group>"; };
		991EE68223D3D49F00E21DE2 /* JBPlanetsCollectionViewController.h */ = {isa = PBXFileReference; lastKnownFileType = sourcecode.c.h; path = JBPlanetsCollectionViewController.h; sourceTree = "<group>"; };
		991EE68323D3D49F00E21DE2 /* JBPlanetsCollectionViewController.m */ = {isa = PBXFileReference; lastKnownFileType = sourcecode.c.objc; path = JBPlanetsCollectionViewController.m; sourceTree = "<group>"; };
		991EE68623D3D4B600E21DE2 /* JBPlanetCollectionViewCell.h */ = {isa = PBXFileReference; lastKnownFileType = sourcecode.c.h; path = JBPlanetCollectionViewCell.h; sourceTree = "<group>"; };
		991EE68723D3D4B600E21DE2 /* JBPlanetCollectionViewCell.m */ = {isa = PBXFileReference; lastKnownFileType = sourcecode.c.objc; path = JBPlanetCollectionViewCell.m; sourceTree = "<group>"; };
		991EE68923D3D78500E21DE2 /* JBSettingsViewController.h */ = {isa = PBXFileReference; lastKnownFileType = sourcecode.c.h; path = JBSettingsViewController.h; sourceTree = "<group>"; };
		991EE68A23D3D78500E21DE2 /* JBSettingsViewController.m */ = {isa = PBXFileReference; lastKnownFileType = sourcecode.c.objc; path = JBSettingsViewController.m; sourceTree = "<group>"; };
/* End PBXFileReference section */

/* Begin PBXFrameworksBuildPhase section */
		991EE66123D3D42200E21DE2 /* Frameworks */ = {
			isa = PBXFrameworksBuildPhase;
			buildActionMask = 2147483647;
			files = (
			);
			runOnlyForDeploymentPostprocessing = 0;
		};
/* End PBXFrameworksBuildPhase section */

/* Begin PBXGroup section */
		991EE65B23D3D42200E21DE2 = {
			isa = PBXGroup;
			children = (
				991EE66623D3D42200E21DE2 /* Planets-Obj-c */,
				991EE66523D3D42200E21DE2 /* Products */,
			);
			sourceTree = "<group>";
		};
		991EE66523D3D42200E21DE2 /* Products */ = {
			isa = PBXGroup;
			children = (
				991EE66423D3D42200E21DE2 /* Planets-Obj-c.app */,
			);
			name = Products;
			sourceTree = "<group>";
		};
		991EE66623D3D42200E21DE2 /* Planets-Obj-c */ = {
			isa = PBXGroup;
			children = (
				991EE68523D3D4A900E21DE2 /* Views */,
				991EE68123D3D45A00E21DE2 /* View Controllers */,
				991EE68023D3D42E00E21DE2 /* Application */,
			);
			path = "Planets-Obj-c";
			sourceTree = "<group>";
		};
		991EE68023D3D42E00E21DE2 /* Application */ = {
			isa = PBXGroup;
			children = (
				991EE67023D3D42200E21DE2 /* Main.storyboard */,
				991EE67523D3D42600E21DE2 /* LaunchScreen.storyboard */,
				991EE66723D3D42200E21DE2 /* AppDelegate.h */,
				991EE66823D3D42200E21DE2 /* AppDelegate.m */,
				991EE66A23D3D42200E21DE2 /* SceneDelegate.h */,
				991EE66B23D3D42200E21DE2 /* SceneDelegate.m */,
				991EE67323D3D42600E21DE2 /* Assets.xcassets */,
				991EE67823D3D42600E21DE2 /* Info.plist */,
				991EE67923D3D42600E21DE2 /* main.m */,
			);
			path = Application;
			sourceTree = "<group>";
		};
		991EE68123D3D45A00E21DE2 /* View Controllers */ = {
			isa = PBXGroup;
			children = (
				991EE68223D3D49F00E21DE2 /* JBPlanetsCollectionViewController.h */,
				991EE68323D3D49F00E21DE2 /* JBPlanetsCollectionViewController.m */,
				991EE68923D3D78500E21DE2 /* JBSettingsViewController.h */,
				991EE68A23D3D78500E21DE2 /* JBSettingsViewController.m */,
			);
			path = "View Controllers";
			sourceTree = "<group>";
		};
		991EE68523D3D4A900E21DE2 /* Views */ = {
			isa = PBXGroup;
			children = (
				991EE68623D3D4B600E21DE2 /* JBPlanetCollectionViewCell.h */,
				991EE68723D3D4B600E21DE2 /* JBPlanetCollectionViewCell.m */,
			);
			path = Views;
			sourceTree = "<group>";
		};
/* End PBXGroup section */

/* Begin PBXNativeTarget section */
		991EE66323D3D42200E21DE2 /* Planets-Obj-c */ = {
			isa = PBXNativeTarget;
			buildConfigurationList = 991EE67D23D3D42600E21DE2 /* Build configuration list for PBXNativeTarget "Planets-Obj-c" */;
			buildPhases = (
				991EE66023D3D42200E21DE2 /* Sources */,
				991EE66123D3D42200E21DE2 /* Frameworks */,
				991EE66223D3D42200E21DE2 /* Resources */,
			);
			buildRules = (
			);
			dependencies = (
			);
			name = "Planets-Obj-c";
			productName = "Planets-Obj-c";
			productReference = 991EE66423D3D42200E21DE2 /* Planets-Obj-c.app */;
			productType = "com.apple.product-type.application";
		};
/* End PBXNativeTarget section */

/* Begin PBXProject section */
		991EE65C23D3D42200E21DE2 /* Project object */ = {
			isa = PBXProject;
			attributes = {
				LastUpgradeCheck = 1130;
				ORGANIZATIONNAME = "Jon Bash";
				TargetAttributes = {
					991EE66323D3D42200E21DE2 = {
						CreatedOnToolsVersion = 11.3.1;
					};
				};
			};
			buildConfigurationList = 991EE65F23D3D42200E21DE2 /* Build configuration list for PBXProject "Planets-Obj-c" */;
			compatibilityVersion = "Xcode 9.3";
			developmentRegion = en;
			hasScannedForEncodings = 0;
			knownRegions = (
				en,
				Base,
			);
			mainGroup = 991EE65B23D3D42200E21DE2;
			productRefGroup = 991EE66523D3D42200E21DE2 /* Products */;
			projectDirPath = "";
			projectRoot = "";
			targets = (
				991EE66323D3D42200E21DE2 /* Planets-Obj-c */,
			);
		};
/* End PBXProject section */

/* Begin PBXResourcesBuildPhase section */
		991EE66223D3D42200E21DE2 /* Resources */ = {
			isa = PBXResourcesBuildPhase;
			buildActionMask = 2147483647;
			files = (
				991EE67723D3D42600E21DE2 /* LaunchScreen.storyboard in Resources */,
				991EE67423D3D42600E21DE2 /* Assets.xcassets in Resources */,
				991EE67223D3D42200E21DE2 /* Main.storyboard in Resources */,
			);
			runOnlyForDeploymentPostprocessing = 0;
		};
/* End PBXResourcesBuildPhase section */

/* Begin PBXSourcesBuildPhase section */
		991EE66023D3D42200E21DE2 /* Sources */ = {
			isa = PBXSourcesBuildPhase;
			buildActionMask = 2147483647;
			files = (
				991EE68423D3D49F00E21DE2 /* JBPlanetsCollectionViewController.m in Sources */,
				991EE66923D3D42200E21DE2 /* AppDelegate.m in Sources */,
				991EE67A23D3D42600E21DE2 /* main.m in Sources */,
				991EE66C23D3D42200E21DE2 /* SceneDelegate.m in Sources */,
				991EE68823D3D4B600E21DE2 /* JBPlanetCollectionViewCell.m in Sources */,
				991EE68B23D3D78500E21DE2 /* JBSettingsViewController.m in Sources */,
			);
			runOnlyForDeploymentPostprocessing = 0;
		};
/* End PBXSourcesBuildPhase section */

/* Begin PBXVariantGroup section */
		991EE67023D3D42200E21DE2 /* Main.storyboard */ = {
			isa = PBXVariantGroup;
			children = (
				991EE67123D3D42200E21DE2 /* Base */,
			);
			name = Main.storyboard;
			sourceTree = "<group>";
		};
		991EE67523D3D42600E21DE2 /* LaunchScreen.storyboard */ = {
			isa = PBXVariantGroup;
			children = (
				991EE67623D3D42600E21DE2 /* Base */,
			);
			name = LaunchScreen.storyboard;
			sourceTree = "<group>";
		};
/* End PBXVariantGroup section */

/* Begin XCBuildConfiguration section */
		991EE67B23D3D42600E21DE2 /* Debug */ = {
			isa = XCBuildConfiguration;
			buildSettings = {
				ALWAYS_SEARCH_USER_PATHS = NO;
				CLANG_ANALYZER_NONNULL = YES;
				CLANG_ANALYZER_NUMBER_OBJECT_CONVERSION = YES_AGGRESSIVE;
				CLANG_CXX_LANGUAGE_STANDARD = "gnu++14";
				CLANG_CXX_LIBRARY = "libc++";
				CLANG_ENABLE_MODULES = YES;
				CLANG_ENABLE_OBJC_ARC = YES;
				CLANG_ENABLE_OBJC_WEAK = YES;
				CLANG_WARN_BLOCK_CAPTURE_AUTORELEASING = YES;
				CLANG_WARN_BOOL_CONVERSION = YES;
				CLANG_WARN_COMMA = YES;
				CLANG_WARN_CONSTANT_CONVERSION = YES;
				CLANG_WARN_DEPRECATED_OBJC_IMPLEMENTATIONS = YES;
				CLANG_WARN_DIRECT_OBJC_ISA_USAGE = YES_ERROR;
				CLANG_WARN_DOCUMENTATION_COMMENTS = YES;
				CLANG_WARN_EMPTY_BODY = YES;
				CLANG_WARN_ENUM_CONVERSION = YES;
				CLANG_WARN_INFINITE_RECURSION = YES;
				CLANG_WARN_INT_CONVERSION = YES;
				CLANG_WARN_NON_LITERAL_NULL_CONVERSION = YES;
				CLANG_WARN_OBJC_IMPLICIT_RETAIN_SELF = YES;
				CLANG_WARN_OBJC_LITERAL_CONVERSION = YES;
				CLANG_WARN_OBJC_ROOT_CLASS = YES_ERROR;
				CLANG_WARN_RANGE_LOOP_ANALYSIS = YES;
				CLANG_WARN_STRICT_PROTOTYPES = YES;
				CLANG_WARN_SUSPICIOUS_MOVE = YES;
				CLANG_WARN_UNGUARDED_AVAILABILITY = YES_AGGRESSIVE;
				CLANG_WARN_UNREACHABLE_CODE = YES;
				CLANG_WARN__DUPLICATE_METHOD_MATCH = YES;
				COPY_PHASE_STRIP = NO;
				DEBUG_INFORMATION_FORMAT = dwarf;
				ENABLE_STRICT_OBJC_MSGSEND = YES;
				ENABLE_TESTABILITY = YES;
				GCC_C_LANGUAGE_STANDARD = gnu11;
				GCC_DYNAMIC_NO_PIC = NO;
				GCC_NO_COMMON_BLOCKS = YES;
				GCC_OPTIMIZATION_LEVEL = 0;
				GCC_PREPROCESSOR_DEFINITIONS = (
					"DEBUG=1",
					"$(inherited)",
				);
				GCC_WARN_64_TO_32_BIT_CONVERSION = YES;
				GCC_WARN_ABOUT_RETURN_TYPE = YES_ERROR;
				GCC_WARN_UNDECLARED_SELECTOR = YES;
				GCC_WARN_UNINITIALIZED_AUTOS = YES_AGGRESSIVE;
				GCC_WARN_UNUSED_FUNCTION = YES;
				GCC_WARN_UNUSED_VARIABLE = YES;
				IPHONEOS_DEPLOYMENT_TARGET = 13.2;
				MTL_ENABLE_DEBUG_INFO = INCLUDE_SOURCE;
				MTL_FAST_MATH = YES;
				ONLY_ACTIVE_ARCH = YES;
				SDKROOT = iphoneos;
			};
			name = Debug;
		};
		991EE67C23D3D42600E21DE2 /* Release */ = {
			isa = XCBuildConfiguration;
			buildSettings = {
				ALWAYS_SEARCH_USER_PATHS = NO;
				CLANG_ANALYZER_NONNULL = YES;
				CLANG_ANALYZER_NUMBER_OBJECT_CONVERSION = YES_AGGRESSIVE;
				CLANG_CXX_LANGUAGE_STANDARD = "gnu++14";
				CLANG_CXX_LIBRARY = "libc++";
				CLANG_ENABLE_MODULES = YES;
				CLANG_ENABLE_OBJC_ARC = YES;
				CLANG_ENABLE_OBJC_WEAK = YES;
				CLANG_WARN_BLOCK_CAPTURE_AUTORELEASING = YES;
				CLANG_WARN_BOOL_CONVERSION = YES;
				CLANG_WARN_COMMA = YES;
				CLANG_WARN_CONSTANT_CONVERSION = YES;
				CLANG_WARN_DEPRECATED_OBJC_IMPLEMENTATIONS = YES;
				CLANG_WARN_DIRECT_OBJC_ISA_USAGE = YES_ERROR;
				CLANG_WARN_DOCUMENTATION_COMMENTS = YES;
				CLANG_WARN_EMPTY_BODY = YES;
				CLANG_WARN_ENUM_CONVERSION = YES;
				CLANG_WARN_INFINITE_RECURSION = YES;
				CLANG_WARN_INT_CONVERSION = YES;
				CLANG_WARN_NON_LITERAL_NULL_CONVERSION = YES;
				CLANG_WARN_OBJC_IMPLICIT_RETAIN_SELF = YES;
				CLANG_WARN_OBJC_LITERAL_CONVERSION = YES;
				CLANG_WARN_OBJC_ROOT_CLASS = YES_ERROR;
				CLANG_WARN_RANGE_LOOP_ANALYSIS = YES;
				CLANG_WARN_STRICT_PROTOTYPES = YES;
				CLANG_WARN_SUSPICIOUS_MOVE = YES;
				CLANG_WARN_UNGUARDED_AVAILABILITY = YES_AGGRESSIVE;
				CLANG_WARN_UNREACHABLE_CODE = YES;
				CLANG_WARN__DUPLICATE_METHOD_MATCH = YES;
				COPY_PHASE_STRIP = NO;
				DEBUG_INFORMATION_FORMAT = "dwarf-with-dsym";
				ENABLE_NS_ASSERTIONS = NO;
				ENABLE_STRICT_OBJC_MSGSEND = YES;
				GCC_C_LANGUAGE_STANDARD = gnu11;
				GCC_NO_COMMON_BLOCKS = YES;
				GCC_WARN_64_TO_32_BIT_CONVERSION = YES;
				GCC_WARN_ABOUT_RETURN_TYPE = YES_ERROR;
				GCC_WARN_UNDECLARED_SELECTOR = YES;
				GCC_WARN_UNINITIALIZED_AUTOS = YES_AGGRESSIVE;
				GCC_WARN_UNUSED_FUNCTION = YES;
				GCC_WARN_UNUSED_VARIABLE = YES;
				IPHONEOS_DEPLOYMENT_TARGET = 13.2;
				MTL_ENABLE_DEBUG_INFO = NO;
				MTL_FAST_MATH = YES;
				SDKROOT = iphoneos;
				VALIDATE_PRODUCT = YES;
			};
			name = Release;
		};
		991EE67E23D3D42600E21DE2 /* Debug */ = {
			isa = XCBuildConfiguration;
			buildSettings = {
				ASSETCATALOG_COMPILER_APPICON_NAME = AppIcon;
				CODE_SIGN_STYLE = Automatic;
				DEVELOPMENT_TEAM = 22X3GA956P;
				INFOPLIST_FILE = "Planets-Obj-c/Application/Info.plist";
				LD_RUNPATH_SEARCH_PATHS = (
					"$(inherited)",
					"@executable_path/Frameworks",
				);
				PRODUCT_BUNDLE_IDENTIFIER = "com.jonbash.Planets-Obj-c";
				PRODUCT_NAME = "$(TARGET_NAME)";
				TARGETED_DEVICE_FAMILY = "1,2";
			};
			name = Debug;
		};
		991EE67F23D3D42600E21DE2 /* Release */ = {
			isa = XCBuildConfiguration;
			buildSettings = {
				ASSETCATALOG_COMPILER_APPICON_NAME = AppIcon;
				CODE_SIGN_STYLE = Automatic;
				DEVELOPMENT_TEAM = 22X3GA956P;
				INFOPLIST_FILE = "Planets-Obj-c/Application/Info.plist";
				LD_RUNPATH_SEARCH_PATHS = (
					"$(inherited)",
					"@executable_path/Frameworks",
				);
				PRODUCT_BUNDLE_IDENTIFIER = "com.jonbash.Planets-Obj-c";
				PRODUCT_NAME = "$(TARGET_NAME)";
				TARGETED_DEVICE_FAMILY = "1,2";
			};
			name = Release;
		};
/* End XCBuildConfiguration section */

/* Begin XCConfigurationList section */
		991EE65F23D3D42200E21DE2 /* Build configuration list for PBXProject "Planets-Obj-c" */ = {
			isa = XCConfigurationList;
			buildConfigurations = (
				991EE67B23D3D42600E21DE2 /* Debug */,
				991EE67C23D3D42600E21DE2 /* Release */,
			);
			defaultConfigurationIsVisible = 0;
			defaultConfigurationName = Release;
		};
		991EE67D23D3D42600E21DE2 /* Build configuration list for PBXNativeTarget "Planets-Obj-c" */ = {
			isa = XCConfigurationList;
			buildConfigurations = (
				991EE67E23D3D42600E21DE2 /* Debug */,
				991EE67F23D3D42600E21DE2 /* Release */,
			);
			defaultConfigurationIsVisible = 0;
			defaultConfigurationName = Release;
		};
/* End XCConfigurationList section */
	};
	rootObject = 991EE65C23D3D42200E21DE2 /* Project object */;
}
